
Microsoft Visual Studio Solution File, Format Version 12.00
# Visual Studio 15
VisualStudioVersion = 15.0.27130.2027
MinimumVisualStudioVersion = 10.0.40219.1
Project("{FAE04EC0-301F-11D3-BF4B-00C04F79EFBC}") = "HW_Serialize", "HW_Serialize\HW_Serialize.csproj", "{6EA3479E-AC3D-4FCA-B201-16FCB247E4B5}"
EndProject
Global
	GlobalSection(SolutionConfigurationPlatforms) = preSolution
		Debug|Any CPU = Debug|Any CPU
		Release|Any CPU = Release|Any CPU
	EndGlobalSection
	GlobalSection(ProjectConfigurationPlatforms) = postSolution
		{6EA3479E-AC3D-4FCA-B201-16FCB247E4B5}.Debug|Any CPU.ActiveCfg = Debug|Any CPU
		{6EA3479E-AC3D-4FCA-B201-16FCB247E4B5}.Debug|Any CPU.Build.0 = Debug|Any CPU
		{6EA3479E-AC3D-4FCA-B201-16FCB247E4B5}.Release|Any CPU.ActiveCfg = Release|Any CPU
		{6EA3479E-AC3D-4FCA-B201-16FCB247E4B5}.Release|Any CPU.Build.0 = Release|Any CPU
	EndGlobalSection
	GlobalSection(SolutionProperties) = preSolution
		HideSolutionNode = FALSE
	EndGlobalSection
	GlobalSection(ExtensibilityGlobals) = postSolution
		SolutionGuid = {DC80DDCD-7DA2-4201-A1F6-F182FB483E14}
	EndGlobalSection
EndGlobal
